
Microsoft Visual Studio Solution File, Format Version 12.00
Project("{FAE04EC0-301F-11D3-BF4B-00C04F79EFBC}") = "LibUsbDotNet.Generator", "LibUsbDotNet.Generator\LibUsbDotNet.Generator.csproj", "{C6608585-E66C-442B-AC51-5FDD8B27E574}"
EndProject
Global
	GlobalSection(SolutionConfigurationPlatforms) = preSolution
		Debug|Any CPU = Debug|Any CPU
		Release|Any CPU = Release|Any CPU
	EndGlobalSection
	GlobalSection(ProjectConfigurationPlatforms) = postSolution
		{C6608585-E66C-442B-AC51-5FDD8B27E574}.Debug|Any CPU.ActiveCfg = Debug|Any CPU
		{C6608585-E66C-442B-AC51-5FDD8B27E574}.Debug|Any CPU.Build.0 = Debug|Any CPU
		{C6608585-E66C-442B-AC51-5FDD8B27E574}.Release|Any CPU.ActiveCfg = Release|Any CPU
		{C6608585-E66C-442B-AC51-5FDD8B27E574}.Release|Any CPU.Build.0 = Release|Any CPU
	EndGlobalSection
EndGlobal
